hash: 38b666524b4efde786e7285d4abd14bff9280246372f83aae0bc015bf994ba93
updated: 2016-06-07T17:23:46.597884611+02:00
imports:
- name: github.com/boltdb/bolt
  version: 05e441d7b3ded9164c5b912521504e7711dd0ba2
- name: github.com/gin-gonic/gin
  version: f931d1ea80ae95a6fc739213cdd9399bd2967fb6
  subpackages:
  - binding
  - render
- name: github.com/go-stack/stack
  version: 100eb0c0a9c5b306ca2fb4f165df21d80ada4b82
- name: github.com/golang/protobuf
  version: 2402d76f3d41f928c7902a765dfc872356dd3aad
  subpackages:
  - proto
- name: github.com/inconshreveable/log15
  version: 20bca5a7a57282e241fac83ec9ea42538027f1c1
  subpackages:
  - term
- name: github.com/manucorporat/sse
  version: ee05b128a739a0fb76c7ebd3ae4810c1de808d6d
- name: github.com/mattn/go-colorable
  version: 9056b7a9f2d1f2d96498d6d146acd1f9d5ed3d59
- name: github.com/mattn/go-isatty
  version: 56b76bdf51f7708750eac80fa38b952bb9f32639
- name: github.com/stretchr/testify
  version: 8d64eb7173c7753d6419fd4a9caf057398611364
- name: golang.org/x/net
  version: f315505cf3349909cdf013ea56690da34e96a451
  subpackages:
  - context
- name: golang.org/x/sys
  version: 076b546753157f758b316e59bcb51e6807c04057
  subpackages:
  - unix
- name: gopkg.in/go-playground/validator.v8
  version: c193cecd124b5cc722d7ee5538e945bdb3348435
- name: gopkg.in/yaml.v2
  version: a83829b6f1293c91addabc89d0571c246397bbf4
devImports: []
